
Microsoft Visual Studio Solution File, Format Version 12.00
# Visual Studio Version 17
VisualStudioVersion = 17.0.31903.59
MinimumVisualStudioVersion = 10.0.40219.1
Project("{FAE04EC0-301F-11D3-BF4B-00C04F79EFBC}") = "Common", "Common\Common.csproj", "{5638C249-FFE4-4A97-ACB1-4D1572F451B2}"
EndProject
Project("{FAE04EC0-301F-11D3-BF4B-00C04F79EFBC}") = "Functions", "Functions\Functions.csproj", "{3529AE81-372C-4C30-B42C-7DE77C1408A8}"
EndProject
Project("{FAE04EC0-301F-11D3-BF4B-00C04F79EFBC}") = "Selection", "Selection\Selection.csproj", "{4BB0140A-5E22-408E-9704-4635CE957C69}"
EndProject
Project("{FAE04EC0-301F-11D3-BF4B-00C04F79EFBC}") = "Lists", "Lists\Lists.csproj", "{27392A3E-8B54-4A24-9004-F78A664D893C}"
EndProject
Project("{FAE04EC0-301F-11D3-BF4B-00C04F79EFBC}") = "Strings", "Strings\Strings.csproj", "{CC166DBF-6063-4304-9EC4-3A5A4AD1301F}"
EndProject
Project("{FAE04EC0-301F-11D3-BF4B-00C04F79EFBC}") = "TextFiles", "TextFiles\TextFiles.csproj", "{2D57593A-5D95-4184-AA30-BDF0BCF002CD}"
EndProject
Project("{FAE04EC0-301F-11D3-BF4B-00C04F79EFBC}") = "Bitwise", "Bitwise\Bitwise.csproj", "{0372F28E-A4C3-4984-A64C-CE7A8C27A7D7}"
EndProject
Project("{FAE04EC0-301F-11D3-BF4B-00C04F79EFBC}") = "BIO2007", "BIO2007\BIO2007.csproj", "{4E4647CA-7C4E-4AAB-A9A2-6EDBFEEB3136}"
EndProject
Project("{FAE04EC0-301F-11D3-BF4B-00C04F79EFBC}") = "BIO2008", "BIO2008\BIO2008.csproj", "{C9A8B962-C450-41B4-9C0F-2E04EAE06225}"
EndProject
Global
	GlobalSection(SolutionConfigurationPlatforms) = preSolution
		Debug|Any CPU = Debug|Any CPU
		Debug|x64 = Debug|x64
		Debug|x86 = Debug|x86
		Release|Any CPU = Release|Any CPU
		Release|x64 = Release|x64
		Release|x86 = Release|x86
	EndGlobalSection
	GlobalSection(ProjectConfigurationPlatforms) = postSolution
		{5638C249-FFE4-4A97-ACB1-4D1572F451B2}.Debug|Any CPU.ActiveCfg = Debug|Any CPU
		{5638C249-FFE4-4A97-ACB1-4D1572F451B2}.Debug|Any CPU.Build.0 = Debug|Any CPU
		{5638C249-FFE4-4A97-ACB1-4D1572F451B2}.Debug|x64.ActiveCfg = Debug|Any CPU
		{5638C249-FFE4-4A97-ACB1-4D1572F451B2}.Debug|x64.Build.0 = Debug|Any CPU
		{5638C249-FFE4-4A97-ACB1-4D1572F451B2}.Debug|x86.ActiveCfg = Debug|Any CPU
		{5638C249-FFE4-4A97-ACB1-4D1572F451B2}.Debug|x86.Build.0 = Debug|Any CPU
		{5638C249-FFE4-4A97-ACB1-4D1572F451B2}.Release|Any CPU.ActiveCfg = Release|Any CPU
		{5638C249-FFE4-4A97-ACB1-4D1572F451B2}.Release|Any CPU.Build.0 = Release|Any CPU
		{5638C249-FFE4-4A97-ACB1-4D1572F451B2}.Release|x64.ActiveCfg = Release|Any CPU
		{5638C249-FFE4-4A97-ACB1-4D1572F451B2}.Release|x64.Build.0 = Release|Any CPU
		{5638C249-FFE4-4A97-ACB1-4D1572F451B2}.Release|x86.ActiveCfg = Release|Any CPU
		{5638C249-FFE4-4A97-ACB1-4D1572F451B2}.Release|x86.Build.0 = Release|Any CPU
		{3529AE81-372C-4C30-B42C-7DE77C1408A8}.Debug|Any CPU.ActiveCfg = Debug|Any CPU
		{3529AE81-372C-4C30-B42C-7DE77C1408A8}.Debug|Any CPU.Build.0 = Debug|Any CPU
		{3529AE81-372C-4C30-B42C-7DE77C1408A8}.Debug|x64.ActiveCfg = Debug|Any CPU
		{3529AE81-372C-4C30-B42C-7DE77C1408A8}.Debug|x64.Build.0 = Debug|Any CPU
		{3529AE81-372C-4C30-B42C-7DE77C1408A8}.Debug|x86.ActiveCfg = Debug|Any CPU
		{3529AE81-372C-4C30-B42C-7DE77C1408A8}.Debug|x86.Build.0 = Debug|Any CPU
		{3529AE81-372C-4C30-B42C-7DE77C1408A8}.Release|Any CPU.ActiveCfg = Release|Any CPU
		{3529AE81-372C-4C30-B42C-7DE77C1408A8}.Release|Any CPU.Build.0 = Release|Any CPU
		{3529AE81-372C-4C30-B42C-7DE77C1408A8}.Release|x64.ActiveCfg = Release|Any CPU
		{3529AE81-372C-4C30-B42C-7DE77C1408A8}.Release|x64.Build.0 = Release|Any CPU
		{3529AE81-372C-4C30-B42C-7DE77C1408A8}.Release|x86.ActiveCfg = Release|Any CPU
		{3529AE81-372C-4C30-B42C-7DE77C1408A8}.Release|x86.Build.0 = Release|Any CPU
		{4BB0140A-5E22-408E-9704-4635CE957C69}.Debug|Any CPU.ActiveCfg = Debug|Any CPU
		{4BB0140A-5E22-408E-9704-4635CE957C69}.Debug|Any CPU.Build.0 = Debug|Any CPU
		{4BB0140A-5E22-408E-9704-4635CE957C69}.Debug|x64.ActiveCfg = Debug|Any CPU
		{4BB0140A-5E22-408E-9704-4635CE957C69}.Debug|x64.Build.0 = Debug|Any CPU
		{4BB0140A-5E22-408E-9704-4635CE957C69}.Debug|x86.ActiveCfg = Debug|Any CPU
		{4BB0140A-5E22-408E-9704-4635CE957C69}.Debug|x86.Build.0 = Debug|Any CPU
		{4BB0140A-5E22-408E-9704-4635CE957C69}.Release|Any CPU.ActiveCfg = Release|Any CPU
		{4BB0140A-5E22-408E-9704-4635CE957C69}.Release|Any CPU.Build.0 = Release|Any CPU
		{4BB0140A-5E22-408E-9704-4635CE957C69}.Release|x64.ActiveCfg = Release|Any CPU
		{4BB0140A-5E22-408E-9704-4635CE957C69}.Release|x64.Build.0 = Release|Any CPU
		{4BB0140A-5E22-408E-9704-4635CE957C69}.Release|x86.ActiveCfg = Release|Any CPU
		{4BB0140A-5E22-408E-9704-4635CE957C69}.Release|x86.Build.0 = Release|Any CPU
		{27392A3E-8B54-4A24-9004-F78A664D893C}.Debug|Any CPU.ActiveCfg = Debug|Any CPU
		{27392A3E-8B54-4A24-9004-F78A664D893C}.Debug|Any CPU.Build.0 = Debug|Any CPU
		{27392A3E-8B54-4A24-9004-F78A664D893C}.Debug|x64.ActiveCfg = Debug|Any CPU
		{27392A3E-8B54-4A24-9004-F78A664D893C}.Debug|x64.Build.0 = Debug|Any CPU
		{27392A3E-8B54-4A24-9004-F78A664D893C}.Debug|x86.ActiveCfg = Debug|Any CPU
		{27392A3E-8B54-4A24-9004-F78A664D893C}.Debug|x86.Build.0 = Debug|Any CPU
		{27392A3E-8B54-4A24-9004-F78A664D893C}.Release|Any CPU.ActiveCfg = Release|Any CPU
		{27392A3E-8B54-4A24-9004-F78A664D893C}.Release|Any CPU.Build.0 = Release|Any CPU
		{27392A3E-8B54-4A24-9004-F78A664D893C}.Release|x64.ActiveCfg = Release|Any CPU
		{27392A3E-8B54-4A24-9004-F78A664D893C}.Release|x64.Build.0 = Release|Any CPU
		{27392A3E-8B54-4A24-9004-F78A664D893C}.Release|x86.ActiveCfg = Release|Any CPU
		{27392A3E-8B54-4A24-9004-F78A664D893C}.Release|x86.Build.0 = Release|Any CPU
		{CC166DBF-6063-4304-9EC4-3A5A4AD1301F}.Debug|Any CPU.ActiveCfg = Debug|Any CPU
		{CC166DBF-6063-4304-9EC4-3A5A4AD1301F}.Debug|Any CPU.Build.0 = Debug|Any CPU
		{CC166DBF-6063-4304-9EC4-3A5A4AD1301F}.Debug|x64.ActiveCfg = Debug|Any CPU
		{CC166DBF-6063-4304-9EC4-3A5A4AD1301F}.Debug|x64.Build.0 = Debug|Any CPU
		{CC166DBF-6063-4304-9EC4-3A5A4AD1301F}.Debug|x86.ActiveCfg = Debug|Any CPU
		{CC166DBF-6063-4304-9EC4-3A5A4AD1301F}.Debug|x86.Build.0 = Debug|Any CPU
		{CC166DBF-6063-4304-9EC4-3A5A4AD1301F}.Release|Any CPU.ActiveCfg = Release|Any CPU
		{CC166DBF-6063-4304-9EC4-3A5A4AD1301F}.Release|Any CPU.Build.0 = Release|Any CPU
		{CC166DBF-6063-4304-9EC4-3A5A4AD1301F}.Release|x64.ActiveCfg = Release|Any CPU
		{CC166DBF-6063-4304-9EC4-3A5A4AD1301F}.Release|x64.Build.0 = Release|Any CPU
		{CC166DBF-6063-4304-9EC4-3A5A4AD1301F}.Release|x86.ActiveCfg = Release|Any CPU
		{CC166DBF-6063-4304-9EC4-3A5A4AD1301F}.Release|x86.Build.0 = Release|Any CPU
		{2D57593A-5D95-4184-AA30-BDF0BCF002CD}.Debug|Any CPU.ActiveCfg = Debug|Any CPU
		{2D57593A-5D95-4184-AA30-BDF0BCF002CD}.Debug|Any CPU.Build.0 = Debug|Any CPU
		{2D57593A-5D95-4184-AA30-BDF0BCF002CD}.Debug|x64.ActiveCfg = Debug|Any CPU
		{2D57593A-5D95-4184-AA30-BDF0BCF002CD}.Debug|x64.Build.0 = Debug|Any CPU
		{2D57593A-5D95-4184-AA30-BDF0BCF002CD}.Debug|x86.ActiveCfg = Debug|Any CPU
		{2D57593A-5D95-4184-AA30-BDF0BCF002CD}.Debug|x86.Build.0 = Debug|Any CPU
		{2D57593A-5D95-4184-AA30-BDF0BCF002CD}.Release|Any CPU.ActiveCfg = Release|Any CPU
		{2D57593A-5D95-4184-AA30-BDF0BCF002CD}.Release|Any CPU.Build.0 = Release|Any CPU
		{2D57593A-5D95-4184-AA30-BDF0BCF002CD}.Release|x64.ActiveCfg = Release|Any CPU
		{2D57593A-5D95-4184-AA30-BDF0BCF002CD}.Release|x64.Build.0 = Release|Any CPU
		{2D57593A-5D95-4184-AA30-BDF0BCF002CD}.Release|x86.ActiveCfg = Release|Any CPU
		{2D57593A-5D95-4184-AA30-BDF0BCF002CD}.Release|x86.Build.0 = Release|Any CPU
		{0372F28E-A4C3-4984-A64C-CE7A8C27A7D7}.Debug|Any CPU.ActiveCfg = Debug|Any CPU
		{0372F28E-A4C3-4984-A64C-CE7A8C27A7D7}.Debug|Any CPU.Build.0 = Debug|Any CPU
		{0372F28E-A4C3-4984-A64C-CE7A8C27A7D7}.Debug|x64.ActiveCfg = Debug|Any CPU
		{0372F28E-A4C3-4984-A64C-CE7A8C27A7D7}.Debug|x64.Build.0 = Debug|Any CPU
		{0372F28E-A4C3-4984-A64C-CE7A8C27A7D7}.Debug|x86.ActiveCfg = Debug|Any CPU
		{0372F28E-A4C3-4984-A64C-CE7A8C27A7D7}.Debug|x86.Build.0 = Debug|Any CPU
		{0372F28E-A4C3-4984-A64C-CE7A8C27A7D7}.Release|Any CPU.ActiveCfg = Release|Any CPU
		{0372F28E-A4C3-4984-A64C-CE7A8C27A7D7}.Release|Any CPU.Build.0 = Release|Any CPU
		{0372F28E-A4C3-4984-A64C-CE7A8C27A7D7}.Release|x64.ActiveCfg = Release|Any CPU
		{0372F28E-A4C3-4984-A64C-CE7A8C27A7D7}.Release|x64.Build.0 = Release|Any CPU
		{0372F28E-A4C3-4984-A64C-CE7A8C27A7D7}.Release|x86.ActiveCfg = Release|Any CPU
		{0372F28E-A4C3-4984-A64C-CE7A8C27A7D7}.Release|x86.Build.0 = Release|Any CPU
		{4E4647CA-7C4E-4AAB-A9A2-6EDBFEEB3136}.Debug|Any CPU.ActiveCfg = Debug|Any CPU
		{4E4647CA-7C4E-4AAB-A9A2-6EDBFEEB3136}.Debug|Any CPU.Build.0 = Debug|Any CPU
		{4E4647CA-7C4E-4AAB-A9A2-6EDBFEEB3136}.Debug|x64.ActiveCfg = Debug|Any CPU
		{4E4647CA-7C4E-4AAB-A9A2-6EDBFEEB3136}.Debug|x64.Build.0 = Debug|Any CPU
		{4E4647CA-7C4E-4AAB-A9A2-6EDBFEEB3136}.Debug|x86.ActiveCfg = Debug|Any CPU
		{4E4647CA-7C4E-4AAB-A9A2-6EDBFEEB3136}.Debug|x86.Build.0 = Debug|Any CPU
		{4E4647CA-7C4E-4AAB-A9A2-6EDBFEEB3136}.Release|Any CPU.ActiveCfg = Release|Any CPU
		{4E4647CA-7C4E-4AAB-A9A2-6EDBFEEB3136}.Release|Any CPU.Build.0 = Release|Any CPU
		{4E4647CA-7C4E-4AAB-A9A2-6EDBFEEB3136}.Release|x64.ActiveCfg = Release|Any CPU
		{4E4647CA-7C4E-4AAB-A9A2-6EDBFEEB3136}.Release|x64.Build.0 = Release|Any CPU
		{4E4647CA-7C4E-4AAB-A9A2-6EDBFEEB3136}.Release|x86.ActiveCfg = Release|Any CPU
		{4E4647CA-7C4E-4AAB-A9A2-6EDBFEEB3136}.Release|x86.Build.0 = Release|Any CPU
		{C9A8B962-C450-41B4-9C0F-2E04EAE06225}.Debug|Any CPU.ActiveCfg = Debug|Any CPU
		{C9A8B962-C450-41B4-9C0F-2E04EAE06225}.Debug|Any CPU.Build.0 = Debug|Any CPU
		{C9A8B962-C450-41B4-9C0F-2E04EAE06225}.Debug|x64.ActiveCfg = Debug|Any CPU
		{C9A8B962-C450-41B4-9C0F-2E04EAE06225}.Debug|x64.Build.0 = Debug|Any CPU
		{C9A8B962-C450-41B4-9C0F-2E04EAE06225}.Debug|x86.ActiveCfg = Debug|Any CPU
		{C9A8B962-C450-41B4-9C0F-2E04EAE06225}.Debug|x86.Build.0 = Debug|Any CPU
		{C9A8B962-C450-41B4-9C0F-2E04EAE06225}.Release|Any CPU.ActiveCfg = Release|Any CPU
		{C9A8B962-C450-41B4-9C0F-2E04EAE06225}.Release|Any CPU.Build.0 = Release|Any CPU
		{C9A8B962-C450-41B4-9C0F-2E04EAE06225}.Release|x64.ActiveCfg = Release|Any CPU
		{C9A8B962-C450-41B4-9C0F-2E04EAE06225}.Release|x64.Build.0 = Release|Any CPU
		{C9A8B962-C450-41B4-9C0F-2E04EAE06225}.Release|x86.ActiveCfg = Release|Any CPU
		{C9A8B962-C450-41B4-9C0F-2E04EAE06225}.Release|x86.Build.0 = Release|Any CPU
	EndGlobalSection
	GlobalSection(SolutionProperties) = preSolution
		HideSolutionNode = FALSE
	EndGlobalSection
EndGlobal
